# THIS IS AN AUTOGENERATED FILE. DO NOT EDIT THIS FILE DIRECTLY.
# yarn lockfile v1


"@types/dns2@^2.0.1":
  version "2.0.1"
  resolved "https://registry.npmmirror.com/@types/dns2/-/dns2-2.0.1.tgz#a4d8d606bca42591e2073898a5a770937ec066e7"
  integrity sha512-jahzqSBZu46nQDvpOfIy0KTkzhKhD1MajondSSBlyspow3Rk4smslJ5ZFyG7FDt8wvat/BS76qOpukOdzQUnVw==
  dependencies:
    "@types/node" "*"

"@types/node@*":
  version "17.0.23"
  resolved "https://registry.npmmirror.com/@types/node/-/node-17.0.23.tgz#3b41a6e643589ac6442bdbd7a4a3ded62f33f7da"
  integrity sha512-UxDxWn7dl97rKVeVS61vErvw086aCYhDLyvRQZ5Rk65rZKepaFdm53GeqXaKBuOhED4e9uWq34IC3TdSdJJ2Gw==

axios@^0.26.1:
  version "0.26.1"
  resolved "https://registry.npmmirror.com/axios/-/axios-0.26.1.tgz#1ede41c51fcf51bbbd6fd43669caaa4f0495aaa9"
  integrity sha512-fPwcX4EvnSHuInCMItEhAGnaSEXRBjtzh9fOtsE6E1G6p7vl7edEeZe11QHf18+6+9gR5PbKV/sGKNaD8YaMeA==
  dependencies:
    follow-redirects "^1.14.8"

dns2@^2.0.1:
  version "2.0.1"
  resolved "https://registry.npmmirror.com/dns2/-/dns2-2.0.1.tgz#030676e6367ba08e78257fad82884b0362e86adf"
  integrity sha512-jHRTCcS2h/MEQjhcCnOWGENtz5A4RrLoK1YFqlHCejGfK5zYu99C8cxVwTsIY7JUqolhDN8zuGlyqnbEe6azqg==

follow-redirects@^1.14.8:
  version "1.14.9"
  resolved "https://registry.npmmirror.com/follow-redirects/-/follow-redirects-1.14.9.tgz#dd4ea157de7bfaf9ea9b3fbd85aa16951f78d8d7"
  integrity sha512-MQDfihBQYMcyy5dhRDJUHcw7lb2Pv/TuE6xP1vyraLukNDHKbDxDNaOE3NbCAdKQApno+GPRyo1YAp89yCjK4w==

ip-address@^8.1.0:
  version "8.1.0"
  resolved "https://registry.npmmirror.com/ip-address/-/ip-address-8.1.0.tgz#1fe9b4509b51ff7d2fbbef4d3d26994d9915a459"
  integrity sha512-Wz91gZKpNKoXtqvY8ScarKYwhXoK4r/b5QuT+uywe/azv0/nUCo7Bh0IRRI7F9DHR06kJNWtzMGLIbXavngbKA==
  dependencies:
    jsbn "1.1.0"
    sprintf-js "1.1.2"

jsbn@1.1.0:
  version "1.1.0"
  resolved "https://registry.npmmirror.com/jsbn/-/jsbn-1.1.0.tgz#b01307cb29b618a1ed26ec79e911f803c4da0040"
  integrity sha512-4bYVV3aAMtDTTu4+xsDYa6sy9GyJ69/amsu9sYF2zqjiEoZA5xJi3BrfX3uY+/IekIu7MwdObdbDWpoZdBv3/A==

sprintf-js@1.1.2:
  version "1.1.2"
  resolved "https://registry.npmmirror.com/sprintf-js/-/sprintf-js-1.1.2.tgz#da1765262bf8c0f571749f2ad6c26300207ae673"
  integrity sha512-VE0SOVEHCk7Qc8ulkWw3ntAzXuqf7S2lvwQaDLRnUeIEaKNQJzV6BwmLKhOqT61aGhfUMrXeaBk+oDGCzvhcug==
